schema: '2.0'
stages:
  data_ingestion:
    cmd: python src/data_ingestion.py
    deps:
    - path: src/data_ingestion.py
      hash: md5
      md5: 7d8eaac8c2c633b261a9660dc21158bb
      size: 4135
    params:
      params.yaml:
        data_ingestion.test_size: 0.15
    outs:
    - path: data/raw
      hash: md5
      md5: 97961f893362ed56dad75426638e8648.dir
      size: 479272
      nfiles: 2
  data_preprocessing:
    cmd: python src/data_preprocessing.py
    deps:
    - path: data/raw
      hash: md5
      md5: 97961f893362ed56dad75426638e8648.dir
      size: 479272
      nfiles: 2
    - path: src/data_preprocessing.py
      hash: md5
      md5: 158130fa3ada2ed96ada460b539d42e9
      size: 3864
    outs:
    - path: data/interim
      hash: md5
      md5: 5a09c6cf2fe8256555852d2f39ac22e9.dir
      size: 253920
      nfiles: 2
  feature_engineering:
    cmd: python src/feature_engineering.py
    deps:
    - path: data/interim
      hash: md5
      md5: 5a09c6cf2fe8256555852d2f39ac22e9.dir
      size: 253920
      nfiles: 2
    - path: src/feature_engineering.py
      hash: md5
      md5: 345bc1f5446154d2f20360c422c5b421
      size: 4382
    params:
      params.yaml:
        feature_engineering.max_features: 45
    outs:
    - path: data/processed
      hash: md5
      md5: 1e3910c48c80196b0a81182bac385cab.dir
      size: 1057224
      nfiles: 2
  model_building:
    cmd: python src/model_building.py
    deps:
    - path: data/processed
      hash: md5
      md5: 1e3910c48c80196b0a81182bac385cab.dir
      size: 1057224
      nfiles: 2
    - path: src/model_building.py
      hash: md5
      md5: 2cd2b21777c2b1f7d84c64cff2aee722
      size: 4291
    params:
      params.yaml:
        model_building.n_estimators: 20
        model_building.random_state: 2
    outs:
    - path: models/model.pkl
      hash: md5
      md5: 090a750c1fffb5ec7743e88e93fd905d
      size: 812695
  model_evaluation:
    cmd: python src/model_evaluation.py
    deps:
    - path: models/model.pkl
      hash: md5
      md5: 090a750c1fffb5ec7743e88e93fd905d
      size: 812695
    - path: src/model_evaluation.py
      hash: md5
      md5: 96b49ff3806af610adb04566a05dd623
      size: 4550
    outs:
    - path: reports/metrics.json
      hash: md5
      md5: 00ef81b8a7000e953750365b6739857b
      size: 125
